
Microsoft Visual Studio Solution File, Format Version 12.00
# Visual Studio Version 18
VisualStudioVersion = 18.5.11723.231 stable
MinimumVisualStudioVersion = 10.0.40219.1
Project("{FAE04EC0-301F-11D3-BF4B-00C04F79EFBC}") = "SSA-Final", "SSA-Final.csproj", "{73840559-A585-B9FC-70FB-71FFE6AF2948}"
EndProject
Global
	GlobalSection(SolutionConfigurationPlatforms) = preSolution
		Debug|Any CPU = Debug|Any CPU
		Release|Any CPU = Release|Any CPU
	EndGlobalSection
	GlobalSection(ProjectConfigurationPlatforms) = postSolution
		{73840559-A585-B9FC-70FB-71FFE6AF2948}.Debug|Any CPU.ActiveCfg = Debug|Any CPU
		{73840559-A585-B9FC-70FB-71FFE6AF2948}.Debug|Any CPU.Build.0 = Debug|Any CPU
		{73840559-A585-B9FC-70FB-71FFE6AF2948}.Release|Any CPU.ActiveCfg = Release|Any CPU
		{73840559-A585-B9FC-70FB-71FFE6AF2948}.Release|Any CPU.Build.0 = Release|Any CPU
	EndGlobalSection
	GlobalSection(SolutionProperties) = preSolution
		HideSolutionNode = FALSE
	EndGlobalSection
	GlobalSection(ExtensibilityGlobals) = postSolution
		SolutionGuid = {FB275F1B-049B-4C33-9616-514F2F065EBB}
	EndGlobalSection
EndGlobal
